// !$*UTF8*$!
{
	archiveVersion = 1;
	classes = {
	};
	objectVersion = 46;
	objects = {

/* Begin PBXBuildFile section */
		8E25AB5B1DEACA4600860165 /* EventDetails.swift in Sources */ = {isa = PBXBuildFile; fileRef = 8E25AB5A1DEACA4600860165 /* EventDetails.swift */; };
		8E25AB5D1DEAF74100860165 /* EventPhotoDetailsViewController.swift in Sources */ = {isa = PBXBuildFile; fileRef = 8E25AB5C1DEAF74100860165 /* EventPhotoDetailsViewController.swift */; };
		8EA4AABC1DEA053E006AF1CF /* EventCell.swift in Sources */ = {isa = PBXBuildFile; fileRef = 8EA4AABB1DEA053E006AF1CF /* EventCell.swift */; };
		8ECAEB161DE7462000D5D0AF /* AlamoGet.swift in Sources */ = {isa = PBXBuildFile; fileRef = 8ECAEB151DE7462000D5D0AF /* AlamoGet.swift */; };
		8ECAEB181DE748B600D5D0AF /* Event.swift in Sources */ = {isa = PBXBuildFile; fileRef = 8ECAEB171DE748B600D5D0AF /* Event.swift */; };
		8ECAEB1A1DE7514800D5D0AF /* Instance.swift in Sources */ = {isa = PBXBuildFile; fileRef = 8ECAEB191DE7514800D5D0AF /* Instance.swift */; };
		8ECAEB1C1DE7536C00D5D0AF /* MapKit.framework in Frameworks */ = {isa = PBXBuildFile; fileRef = 8ECAEB1B1DE7536C00D5D0AF /* MapKit.framework */; };
		8EEDA3211DE741FB0040E027 /* AppDelegate.swift in Sources */ = {isa = PBXBuildFile; fileRef = 8EEDA3201DE741FB0040E027 /* AppDelegate.swift */; };
		8EEDA3231DE741FB0040E027 /* ViewController.swift in Sources */ = {isa = PBXBuildFile; fileRef = 8EEDA3221DE741FB0040E027 /* ViewController.swift */; };
		8EEDA3261DE741FB0040E027 /* Main.storyboard in Resources */ = {isa = PBXBuildFile; fileRef = 8EEDA3241DE741FB0040E027 /* Main.storyboard */; };
		8EEDA3281DE741FB0040E027 /* Assets.xcassets in Resources */ = {isa = PBXBuildFile; fileRef = 8EEDA3271DE741FB0040E027 /* Assets.xcassets */; };
		8EEDA32B1DE741FB0040E027 /* LaunchScreen.storyboard in Resources */ = {isa = PBXBuildFile; fileRef = 8EEDA3291DE741FB0040E027 /* LaunchScreen.storyboard */; };
		8EEDA3361DE741FB0040E027 /* MobileLevel1Tests.swift in Sources */ = {isa = PBXBuildFile; fileRef = 8EEDA3351DE741FB0040E027 /* MobileLevel1Tests.swift */; };
		8EEDA3411DE741FB0040E027 /* MobileLevel1UITests.swift in Sources */ = {isa = PBXBuildFile; fileRef = 8EEDA3401DE741FB0040E027 /* MobileLevel1UITests.swift */; };
		D60176E1FF0C8D83D405DF3C /* Pods_MobileLevel1.framework in Frameworks */ = {isa = PBXBuildFile; fileRef = A3F3E7F26011502DAFBA2CD9 /* Pods_MobileLevel1.framework */; };
/* End PBXBuildFile section */

/* Begin PBXContainerItemProxy section */
		8EEDA3321DE741FB0040E027 /* PBXContainerItemProxy */ = {
			isa = PBXContainerItemProxy;
			containerPortal = 8EEDA3151DE741FA0040E027 /* Project object */;
			proxyType = 1;
			remoteGlobalIDString = 8EEDA31C1DE741FA0040E027;
			remoteInfo = MobileLevel1;
		};
		8EEDA33D1DE741FB0040E027 /* PBXContainerItemProxy */ = {
			isa = PBXContainerItemProxy;
			containerPortal = 8EEDA3151DE741FA0040E027 /* Project object */;
			proxyType = 1;
			remoteGlobalIDString = 8EEDA31C1DE741FA0040E027;
			remoteInfo = MobileLevel1;
		};
/* End PBXContainerItemProxy section */

/* Begin PBXFileReference section */
		1FE01EA986A4FD8D08E213FA /* Pods_MobileLevel1UITests.framework */ = {isa = PBXFileReference; explicitFileType = wrapper.framework; includeInIndex = 0; path = Pods_MobileLevel1UITests.framework; sourceTree = BUILT_PRODUCTS_DIR; };
		3EBB281308252726F20DE1B2 /* Pods-MobileLevel1.release.xcconfig */ = {isa = PBXFileReference; includeInIndex = 1; lastKnownFileType = text.xcconfig; name = "Pods-MobileLevel1.release.xcconfig"; path = "Pods/Target Support Files/Pods-MobileLevel1/Pods-MobileLevel1.release.xcconfig"; sourceTree = "<group>"; };
		62A399BFAF06F618D74ABF12 /* Pods-MobileLevel1.debug.xcconfig */ = {isa = PBXFileReference; includeInIndex = 1; lastKnownFileType = text.xcconfig; name = "Pods-MobileLevel1.debug.xcconfig"; path = "Pods/Target Support Files/Pods-MobileLevel1/Pods-MobileLevel1.debug.xcconfig"; sourceTree = "<group>"; };
		72C92F25E311FAC38F26031B /* Pods_MobileLevel1Tests.framework */ = {isa = PBXFileReference; explicitFileType = wrapper.framework; includeInIndex = 0; path = Pods_MobileLevel1Tests.framework; sourceTree = BUILT_PRODUCTS_DIR; };
		8E25AB5A1DEACA4600860165 /* EventDetails.swift */ = {isa = PBXFileReference; fileEncoding = 4; lastKnownFileType = sourcecode.swift; path = EventDetails.swift; sourceTree = "<group>"; };
		8E25AB5C1DEAF74100860165 /* EventPhotoDetailsViewController.swift */ = {isa = PBXFileReference; fileEncoding = 4; lastKnownFileType = sourcecode.swift; path = EventPhotoDetailsViewController.swift; sourceTree = "<group>"; };
		8EA4AABB1DEA053E006AF1CF /* EventCell.swift */ = {isa = PBXFileReference; fileEncoding = 4; lastKnownFileType = sourcecode.swift; path = EventCell.swift; sourceTree = "<group>"; };
		8ECAEB151DE7462000D5D0AF /* AlamoGet.swift */ = {isa = PBXFileReference; fileEncoding = 4; lastKnownFileType = sourcecode.swift; path = AlamoGet.swift; sourceTree = "<group>"; };
		8ECAEB171DE748B600D5D0AF /* Event.swift */ = {isa = PBXFileReference; fileEncoding = 4; lastKnownFileType = sourcecode.swift; path = Event.swift; sourceTree = "<group>"; };
		8ECAEB191DE7514800D5D0AF /* Instance.swift */ = {isa = PBXFileReference; fileEncoding = 4; lastKnownFileType = sourcecode.swift; path = Instance.swift; sourceTree = "<group>"; };
		8ECAEB1B1DE7536C00D5D0AF /* MapKit.framework */ = {isa = PBXFileReference; lastKnownFileType = wrapper.framework; name = MapKit.framework; path = System/Library/Frameworks/MapKit.framework; sourceTree = SDKROOT; };
		8EEDA31D1DE741FB0040E027 /* MobileLevel1.app */ = {isa = PBXFileReference; explicitFileType = wrapper.application; includeInIndex = 0; path = MobileLevel1.app; sourceTree = BUILT_PRODUCTS_DIR; };
		8EEDA3201DE741FB0040E027 /* AppDelegate.swift */ = {isa = PBXFileReference; lastKnownFileType = sourcecode.swift; path = AppDelegate.swift; sourceTree = "<group>"; };
		8EEDA3221DE741FB0040E027 /* ViewController.swift */ = {isa = PBXFileReference; lastKnownFileType = sourcecode.swift; path = ViewController.swift; sourceTree = "<group>"; };
		8EEDA3251DE741FB0040E027 /* Base */ = {isa = PBXFileReference; lastKnownFileType = file.storyboard; name = Base; path = Base.lproj/Main.storyboard; sourceTree = "<group>"; };
		8EEDA3271DE741FB0040E027 /* Assets.xcassets */ = {isa = PBXFileReference; lastKnownFileType = folder.assetcatalog; path = Assets.xcassets; sourceTree = "<group>"; };
		8EEDA32A1DE741FB0040E027 /* Base */ = {isa = PBXFileReference; lastKnownFileType = file.storyboard; name = Base; path = Base.lproj/LaunchScreen.storyboard; sourceTree = "<group>"; };
		8EEDA32C1DE741FB0040E027 /* Info.plist */ = {isa = PBXFileReference; lastKnownFileType = text.plist.xml; path = Info.plist; sourceTree = "<group>"; };
		8EEDA3311DE741FB0040E027 /* MobileLevel1Tests.xctest */ = {isa = PBXFileReference; explicitFileType = wrapper.cfbundle; includeInIndex = 0; path = MobileLevel1Tests.xctest; sourceTree = BUILT_PRODUCTS_DIR; };
		8EEDA3351DE741FB0040E027 /* MobileLevel1Tests.swift */ = {isa = PBXFileReference; lastKnownFileType = sourcecode.swift; path = MobileLevel1Tests.swift; sourceTree = "<group>"; };
		8EEDA3371DE741FB0040E027 /* Info.plist */ = {isa = PBXFileReference; lastKnownFileType = text.plist.xml; path = Info.plist; sourceTree = "<group>"; };
		8EEDA33C1DE741FB0040E027 /* MobileLevel1UITests.xctest */ = {isa = PBXFileReference; explicitFileType = wrapper.cfbundle; includeInIndex = 0; path = MobileLevel1UITests.xctest; sourceTree = BUILT_PRODUCTS_DIR; };
		8EEDA3401DE741FB0040E027 /* MobileLevel1UITests.swift */ = {isa = PBXFileReference; lastKnownFileType = sourcecode.swift; path = MobileLevel1UITests.swift; sourceTree = "<group>"; };
		8EEDA3421DE741FB0040E027 /* Info.plist */ = {isa = PBXFileReference; lastKnownFileType = text.plist.xml; path = Info.plist; sourceTree = "<group>"; };
		A3F3E7F26011502DAFBA2CD9 /* Pods_MobileLevel1.framework */ = {isa = PBXFileReference; explicitFileType = wrapper.framework; includeInIndex = 0; path = Pods_MobileLevel1.framework; sourceTree = BUILT_PRODUCTS_DIR; };
/* End PBXFileReference section */

/* Begin PBXFrameworksBuildPhase section */
		8EEDA31A1DE741FA0040E027 /* Frameworks */ = {
			isa = PBXFrameworksBuildPhase;
			buildActionMask = 2147483647;
			files = (
				8ECAEB1C1DE7536C00D5D0AF /* MapKit.framework in Frameworks */,
				D60176E1FF0C8D83D405DF3C /* Pods_MobileLevel1.framework in Frameworks */,
			);
			runOnlyForDeploymentPostprocessing = 0;
		};
		8EEDA32E1DE741FB0040E027 /* Frameworks */ = {
			isa = PBXFrameworksBuildPhase;
			buildActionMask = 2147483647;
			files = (
			);
			runOnlyForDeploymentPostprocessing = 0;
		};
		8EEDA3391DE741FB0040E027 /* Frameworks */ = {
			isa = PBXFrameworksBuildPhase;
			buildActionMask = 2147483647;
			files = (
			);
			runOnlyForDeploymentPostprocessing = 0;
		};
/* End PBXFrameworksBuildPhase section */

/* Begin PBXGroup section */
		3A2D14AB9A1A1ED142CD5A8D /* Pods */ = {
			isa = PBXGroup;
			children = (
				62A399BFAF06F618D74ABF12 /* Pods-MobileLevel1.debug.xcconfig */,
				3EBB281308252726F20DE1B2 /* Pods-MobileLevel1.release.xcconfig */,
			);
			name = Pods;
			sourceTree = "<group>";
		};
		8EEDA3141DE741FA0040E027 = {
			isa = PBXGroup;
			children = (
				8EEDA31F1DE741FB0040E027 /* MobileLevel1 */,
				8EEDA3341DE741FB0040E027 /* MobileLevel1Tests */,
				8EEDA33F1DE741FB0040E027 /* MobileLevel1UITests */,
				8EEDA31E1DE741FB0040E027 /* Products */,
				3A2D14AB9A1A1ED142CD5A8D /* Pods */,
				A536DA34B7705AA3175034B8 /* Frameworks */,
			);
			sourceTree = "<group>";
		};
		8EEDA31E1DE741FB0040E027 /* Products */ = {
			isa = PBXGroup;
			children = (
				8EEDA31D1DE741FB0040E027 /* MobileLevel1.app */,
				8EEDA3311DE741FB0040E027 /* MobileLevel1Tests.xctest */,
				8EEDA33C1DE741FB0040E027 /* MobileLevel1UITests.xctest */,
			);
			name = Products;
			sourceTree = "<group>";
		};
		8EEDA31F1DE741FB0040E027 /* MobileLevel1 */ = {
			isa = PBXGroup;
			children = (
				8EEDA3201DE741FB0040E027 /* AppDelegate.swift */,
				8EEDA3221DE741FB0040E027 /* ViewController.swift */,
				8EEDA3241DE741FB0040E027 /* Main.storyboard */,
				8EEDA3271DE741FB0040E027 /* Assets.xcassets */,
				8EEDA3291DE741FB0040E027 /* LaunchScreen.storyboard */,
				8EEDA32C1DE741FB0040E027 /* Info.plist */,
				8ECAEB151DE7462000D5D0AF /* AlamoGet.swift */,
				8ECAEB191DE7514800D5D0AF /* Instance.swift */,
				8ECAEB171DE748B600D5D0AF /* Event.swift */,
				8E25AB5A1DEACA4600860165 /* EventDetails.swift */,
				8EA4AABB1DEA053E006AF1CF /* EventCell.swift */,
				8E25AB5C1DEAF74100860165 /* EventPhotoDetailsViewController.swift */,
			);
			path = MobileLevel1;
			sourceTree = "<group>";
		};
		8EEDA3341DE741FB0040E027 /* MobileLevel1Tests */ = {
			isa = PBXGroup;
			children = (
				8EEDA3351DE741FB0040E027 /* MobileLevel1Tests.swift */,
				8EEDA3371DE741FB0040E027 /* Info.plist */,
			);
			path = MobileLevel1Tests;
			sourceTree = "<group>";
		};
		8EEDA33F1DE741FB0040E027 /* MobileLevel1UITests */ = {
			isa = PBXGroup;
			children = (
				8EEDA3401DE741FB0040E027 /* MobileLevel1UITests.swift */,
				8EEDA3421DE741FB0040E027 /* Info.plist */,
			);
			path = MobileLevel1UITests;
			sourceTree = "<group>";
		};
		A536DA34B7705AA3175034B8 /* Frameworks */ = {
			isa = PBXGroup;
			children = (
				8ECAEB1B1DE7536C00D5D0AF /* MapKit.framework */,
				A3F3E7F26011502DAFBA2CD9 /* Pods_MobileLevel1.framework */,
				72C92F25E311FAC38F26031B /* Pods_MobileLevel1Tests.framework */,
				1FE01EA986A4FD8D08E213FA /* Pods_MobileLevel1UITests.framework */,
			);
			name = Frameworks;
			sourceTree = "<group>";
		};
/* End PBXGroup section */

/* Begin PBXNativeTarget section */
		8EEDA31C1DE741FA0040E027 /* MobileLevel1 */ = {
			isa = PBXNativeTarget;
			buildConfigurationList = 8EEDA3451DE741FB0040E027 /* Build configuration list for PBXNativeTarget "MobileLevel1" */;
			buildPhases = (
				F4EFB6F3FA88D644EB4F8B1F /* [CP] Check Pods Manifest.lock */,
				8EEDA3191DE741FA0040E027 /* Sources */,
				8EEDA31A1DE741FA0040E027 /* Frameworks */,
				8EEDA31B1DE741FA0040E027 /* Resources */,
				329AC956886D3EEDCFE1FF32 /* [CP] Embed Pods Frameworks */,
				1BE6B331AE60ACC482632AD0 /* [CP] Copy Pods Resources */,
			);
			buildRules = (
			);
			dependencies = (
			);
			name = MobileLevel1;
			productName = MobileLevel1;
			productReference = 8EEDA31D1DE741FB0040E027 /* MobileLevel1.app */;
			productType = "com.apple.product-type.application";
		};
		8EEDA3301DE741FB0040E027 /* MobileLevel1Tests */ = {
			isa = PBXNativeTarget;
			buildConfigurationList = 8EEDA3481DE741FB0040E027 /* Build configuration list for PBXNativeTarget "MobileLevel1Tests" */;
			buildPhases = (
				8EEDA32D1DE741FB0040E027 /* Sources */,
				8EEDA32E1DE741FB0040E027 /* Frameworks */,
				8EEDA32F1DE741FB0040E027 /* Resources */,
			);
			buildRules = (
			);
			dependencies = (
				8EEDA3331DE741FB0040E027 /* PBXTargetDependency */,
			);
			name = MobileLevel1Tests;
			productName = MobileLevel1Tests;
			productReference = 8EEDA3311DE741FB0040E027 /* MobileLevel1Tests.xctest */;
			productType = "com.apple.product-type.bundle.unit-test";
		};
		8EEDA33B1DE741FB0040E027 /* MobileLevel1UITests */ = {
			isa = PBXNativeTarget;
			buildConfigurationList = 8EEDA34B1DE741FB0040E027 /* Build configuration list for PBXNativeTarget "MobileLevel1UITests" */;
			buildPhases = (
				8EEDA3381DE741FB0040E027 /* Sources */,
				8EEDA3391DE741FB0040E027 /* Frameworks */,
				8EEDA33A1DE741FB0040E027 /* Resources */,
			);
			buildRules = (
			);
			dependencies = (
				8EEDA33E1DE741FB0040E027 /* PBXTargetDependency */,
			);
			name = MobileLevel1UITests;
			productName = MobileLevel1UITests;
			productReference = 8EEDA33C1DE741FB0040E027 /* MobileLevel1UITests.xctest */;
			productType = "com.apple.product-type.bundle.ui-testing";
		};
/* End PBXNativeTarget section */

/* Begin PBXProject section */
		8EEDA3151DE741FA0040E027 /* Project object */ = {
			isa = PBXProject;
			attributes = {
				LastSwiftUpdateCheck = 0810;
				LastUpgradeCheck = 0810;
				ORGANIZATIONNAME = "Daniel Avram";
				TargetAttributes = {
					8EEDA31C1DE741FA0040E027 = {
						CreatedOnToolsVersion = 8.1;
						DevelopmentTeam = YFZ7H6KAUF;
						ProvisioningStyle = Automatic;
					};
					8EEDA3301DE741FB0040E027 = {
						CreatedOnToolsVersion = 8.1;
						DevelopmentTeam = YFZ7H6KAUF;
						ProvisioningStyle = Automatic;
						TestTargetID = 8EEDA31C1DE741FA0040E027;
					};
					8EEDA33B1DE741FB0040E027 = {
						CreatedOnToolsVersion = 8.1;
						DevelopmentTeam = YFZ7H6KAUF;
						ProvisioningStyle = Automatic;
						TestTargetID = 8EEDA31C1DE741FA0040E027;
					};
				};
			};
			buildConfigurationList = 8EEDA3181DE741FA0040E027 /* Build configuration list for PBXProject "MobileLevel1" */;
			compatibilityVersion = "Xcode 3.2";
			developmentRegion = English;
			hasScannedForEncodings = 0;
			knownRegions = (
				en,
				Base,
			);
			mainGroup = 8EEDA3141DE741FA0040E027;
			productRefGroup = 8EEDA31E1DE741FB0040E027 /* Products */;
			projectDirPath = "";
			projectRoot = "";
			targets = (
				8EEDA31C1DE741FA0040E027 /* MobileLevel1 */,
				8EEDA3301DE741FB0040E027 /* MobileLevel1Tests */,
				8EEDA33B1DE741FB0040E027 /* MobileLevel1UITests */,
			);
		};
/* End PBXProject section */

/* Begin PBXResourcesBuildPhase section */
		8EEDA31B1DE741FA0040E027 /* Resources */ = {
			isa = PBXResourcesBuildPhase;
			buildActionMask = 2147483647;
			files = (
				8EEDA32B1DE741FB0040E027 /* LaunchScreen.storyboard in Resources */,
				8EEDA3281DE741FB0040E027 /* Assets.xcassets in Resources */,
				8EEDA3261DE741FB0040E027 /* Main.storyboard in Resources */,
			);
			runOnlyForDeploymentPostprocessing = 0;
		};
		8EEDA32F1DE741FB0040E027 /* Resources */ = {
			isa = PBXResourcesBuildPhase;
			buildActionMask = 2147483647;
			files = (
			);
			runOnlyForDeploymentPostprocessing = 0;
		};
		8EEDA33A1DE741FB0040E027 /* Resources */ = {
			isa = PBXResourcesBuildPhase;
			buildActionMask = 2147483647;
			files = (
			);
			runOnlyForDeploymentPostprocessing = 0;
		};
/* End PBXResourcesBuildPhase section */

/* Begin PBXShellScriptBuildPhase section */
		1BE6B331AE60ACC482632AD0 /* [CP] Copy Pods Resources */ = {
			isa = PBXShellScriptBuildPhase;
			buildActionMask = 2147483647;
			files = (
			);
			inputPaths = (
			);
			name = "[CP] Copy Pods Resources";
			outputPaths = (
			);
			runOnlyForDeploymentPostprocessing = 0;
			shellPath = /bin/sh;
			shellScript = "\"${SRCROOT}/Pods/Target Support Files/Pods-MobileLevel1/Pods-MobileLevel1-resources.sh\"\n";
			showEnvVarsInLog = 0;
		};
		329AC956886D3EEDCFE1FF32 /* [CP] Embed Pods Frameworks */ = {
			isa = PBXShellScriptBuildPhase;
			buildActionMask = 2147483647;
			files = (
			);
			inputPaths = (
			);
			name = "[CP] Embed Pods Frameworks";
			outputPaths = (
			);
			runOnlyForDeploymentPostprocessing = 0;
			shellPath = /bin/sh;
			shellScript = "\"${SRCROOT}/Pods/Target Support Files/Pods-MobileLevel1/Pods-MobileLevel1-frameworks.sh\"\n";
			showEnvVarsInLog = 0;
		};
		F4EFB6F3FA88D644EB4F8B1F /* [CP] Check Pods Manifest.lock */ = {
			isa = PBXShellScriptBuildPhase;
			buildActionMask = 2147483647;
			files = (
			);
			inputPaths = (
			);
			name = "[CP] Check Pods Manifest.lock";
			outputPaths = (
			);
			runOnlyForDeploymentPostprocessing = 0;
			shellPath = /bin/sh;
			shellScript = "diff \"${PODS_ROOT}/../Podfile.lock\" \"${PODS_ROOT}/Manifest.lock\" > /dev/null\nif [ $? != 0 ] ; then\n    # print error to STDERR\n    echo \"error: The sandbox is not in sync with the Podfile.lock. Run 'pod install' or update your CocoaPods installation.\" >&2\n    exit 1\nfi\n";
			showEnvVarsInLog = 0;
		};
/* End PBXShellScriptBuildPhase section */

/* Begin PBXSourcesBuildPhase section */
		8EEDA3191DE741FA0040E027 /* Sources */ = {
			isa = PBXSourcesBuildPhase;
			buildActionMask = 2147483647;
			files = (
				8ECAEB1A1DE7514800D5D0AF /* Instance.swift in Sources */,
				8E25AB5D1DEAF74100860165 /* EventPhotoDetailsViewController.swift in Sources */,
				8ECAEB181DE748B600D5D0AF /* Event.swift in Sources */,
				8ECAEB161DE7462000D5D0AF /* AlamoGet.swift in Sources */,
				8EEDA3231DE741FB0040E027 /* ViewController.swift in Sources */,
				8EEDA3211DE741FB0040E027 /* AppDelegate.swift in Sources */,
				8E25AB5B1DEACA4600860165 /* EventDetails.swift in Sources */,
				8EA4AABC1DEA053E006AF1CF /* EventCell.swift in Sources */,
			);
			runOnlyForDeploymentPostprocessing = 0;
		};
		8EEDA32D1DE741FB0040E027 /* Sources */ = {
			isa = PBXSourcesBuildPhase;
			buildActionMask = 2147483647;
			files = (
				8EEDA3361DE741FB0040E027 /* MobileLevel1Tests.swift in Sources */,
			);
			runOnlyForDeploymentPostprocessing = 0;
		};
		8EEDA3381DE741FB0040E027 /* Sources */ = {
			isa = PBXSourcesBuildPhase;
			buildActionMask = 2147483647;
			files = (
				8EEDA3411DE741FB0040E027 /* MobileLevel1UITests.swift in Sources */,
			);
			runOnlyForDeploymentPostprocessing = 0;
		};
/* End PBXSourcesBuildPhase section */

/* Begin PBXTargetDependency section */
		8EEDA3331DE741FB0040E027 /* PBXTargetDependency */ = {
			isa = PBXTargetDependency;
			target = 8EEDA31C1DE741FA0040E027 /* MobileLevel1 */;
			targetProxy = 8EEDA3321DE741FB0040E027 /* PBXContainerItemProxy */;
		};
		8EEDA33E1DE741FB0040E027 /* PBXTargetDependency */ = {
			isa = PBXTargetDependency;
			target = 8EEDA31C1DE741FA0040E027 /* MobileLevel1 */;
			targetProxy = 8EEDA33D1DE741FB0040E027 /* PBXContainerItemProxy */;
		};
/* End PBXTargetDependency section */

/* Begin PBXVariantGroup section */
		8EEDA3241DE741FB0040E027 /* Main.storyboard */ = {
			isa = PBXVariantGroup;
			children = (
				8EEDA3251DE741FB0040E027 /* Base */,
			);
			name = Main.storyboard;
			sourceTree = "<group>";
		};
		8EEDA3291DE741FB0040E027 /* LaunchScreen.storyboard */ = {
			isa = PBXVariantGroup;
			children = (
				8EEDA32A1DE741FB0040E027 /* Base */,
			);
			name = LaunchScreen.storyboard;
			sourceTree = "<group>";
		};
/* End PBXVariantGroup section */

/* Begin XCBuildConfiguration section */
		8EEDA3431DE741FB0040E027 /* Debug */ = {
			isa = XCBuildConfiguration;
			buildSettings = {
				ALWAYS_SEARCH_USER_PATHS = NO;
				CLANG_ANALYZER_NONNULL = YES;
				CLANG_CXX_LANGUAGE_STANDARD = "gnu++0x";
				CLANG_CXX_LIBRARY = "libc++";
				CLANG_ENABLE_MODULES = YES;
				CLANG_ENABLE_OBJC_ARC = YES;
				CLANG_WARN_BOOL_CONVERSION = YES;
				CLANG_WARN_CONSTANT_CONVERSION = YES;
				CLANG_WARN_DIRECT_OBJC_ISA_USAGE = YES_ERROR;
				CLANG_WARN_DOCUMENTATION_COMMENTS = YES;
				CLANG_WARN_EMPTY_BODY = YES;
				CLANG_WARN_ENUM_CONVERSION = YES;
				CLANG_WARN_INFINITE_RECURSION = YES;
				CLANG_WARN_INT_CONVERSION = YES;
				CLANG_WARN_OBJC_ROOT_CLASS = YES_ERROR;
				CLANG_WARN_SUSPICIOUS_MOVE = YES;
				CLANG_WARN_SUSPICIOUS_MOVES = YES;
				CLANG_WARN_UNREACHABLE_CODE = YES;
				CLANG_WARN__DUPLICATE_METHOD_MATCH = YES;
				"CODE_SIGN_IDENTITY[sdk=iphoneos*]" = "iPhone Developer";
				COPY_PHASE_STRIP = NO;
				DEBUG_INFORMATION_FORMAT = dwarf;
				ENABLE_STRICT_OBJC_MSGSEND = YES;
				ENABLE_TESTABILITY = YES;
				GCC_C_LANGUAGE_STANDARD = gnu99;
				GCC_DYNAMIC_NO_PIC = NO;
				GCC_NO_COMMON_BLOCKS = YES;
				GCC_OPTIMIZATION_LEVEL = 0;
				GCC_PREPROCESSOR_DEFINITIONS = (
					"DEBUG=1",
					"$(inherited)",
				);
				GCC_WARN_64_TO_32_BIT_CONVERSION = YES;
				GCC_WARN_ABOUT_RETURN_TYPE = YES_ERROR;
				GCC_WARN_UNDECLARED_SELECTOR = YES;
				GCC_WARN_UNINITIALIZED_AUTOS = YES_AGGRESSIVE;
				GCC_WARN_UNUSED_FUNCTION = YES;
				GCC_WARN_UNUSED_VARIABLE = YES;
				IPHONEOS_DEPLOYMENT_TARGET = 10.1;
				MTL_ENABLE_DEBUG_INFO = YES;
				ONLY_ACTIVE_ARCH = YES;
				SDKROOT = iphoneos;
				SWIFT_ACTIVE_COMPILATION_CONDITIONS = DEBUG;
				SWIFT_OPTIMIZATION_LEVEL = "-Onone";
				TARGETED_DEVICE_FAMILY = "1,2";
			};
			name = Debug;
		};
		8EEDA3441DE741FB0040E027 /* Release */ = {
			isa = XCBuildConfiguration;
			buildSettings = {
				ALWAYS_SEARCH_USER_PATHS = NO;
				CLANG_ANALYZER_NONNULL = YES;
				CLANG_CXX_LANGUAGE_STANDARD = "gnu++0x";
				CLANG_CXX_LIBRARY = "libc++";
				CLANG_ENABLE_MODULES = YES;
				CLANG_ENABLE_OBJC_ARC = YES;
				CLANG_WARN_BOOL_CONVERSION = YES;
				CLANG_WARN_CONSTANT_CONVERSION = YES;
				CLANG_WARN_DIRECT_OBJC_ISA_USAGE = YES_ERROR;
				CLANG_WARN_DOCUMENTATION_COMMENTS = YES;
				CLANG_WARN_EMPTY_BODY = YES;
				CLANG_WARN_ENUM_CONVERSION = YES;
				CLANG_WARN_INFINITE_RECURSION = YES;
				CLANG_WARN_INT_CONVERSION = YES;
				CLANG_WARN_OBJC_ROOT_CLASS = YES_ERROR;
				CLANG_WARN_SUSPICIOUS_MOVE = YES;
				CLANG_WARN_SUSPICIOUS_MOVES = YES;
				CLANG_WARN_UNREACHABLE_CODE = YES;
				CLANG_WARN__DUPLICATE_METHOD_MATCH = YES;
				"CODE_SIGN_IDENTITY[sdk=iphoneos*]" = "iPhone Developer";
				COPY_PHASE_STRIP = NO;
				DEBUG_INFORMATION_FORMAT = "dwarf-with-dsym";
				ENABLE_NS_ASSERTIONS = NO;
				ENABLE_STRICT_OBJC_MSGSEND = YES;
				GCC_C_LANGUAGE_STANDARD = gnu99;
				GCC_NO_COMMON_BLOCKS = YES;
				GCC_WARN_64_TO_32_BIT_CONVERSION = YES;
				GCC_WARN_ABOUT_RETURN_TYPE = YES_ERROR;
				GCC_WARN_UNDECLARED_SELECTOR = YES;
				GCC_WARN_UNINITIALIZED_AUTOS = YES_AGGRESSIVE;
				GCC_WARN_UNUSED_FUNCTION = YES;
				GCC_WARN_UNUSED_VARIABLE = YES;
				IPHONEOS_DEPLOYMENT_TARGET = 10.1;
				MTL_ENABLE_DEBUG_INFO = NO;
				SDKROOT = iphoneos;
				SWIFT_OPTIMIZATION_LEVEL = "-Owholemodule";
				TARGETED_DEVICE_FAMILY = "1,2";
				VALIDATE_PRODUCT = YES;
			};
			name = Release;
		};
		8EEDA3461DE741FB0040E027 /* Debug */ = {
			isa = XCBuildConfiguration;
			baseConfigurationReference = 62A399BFAF06F618D74ABF12 /* Pods-MobileLevel1.debug.xcconfig */;
			buildSettings = {
				ALWAYS_EMBED_SWIFT_STANDARD_LIBRARIES = YES;
				ASSETCATALOG_COMPILER_APPICON_NAME = AppIcon;
				DEVELOPMENT_TEAM = YFZ7H6KAUF;
				INFOPLIST_FILE = MobileLevel1/Info.plist;
				LD_RUNPATH_SEARCH_PATHS = "$(inherited) @executable_path/Frameworks";
				PRODUCT_BUNDLE_IDENTIFIER = home.MobileLevel1;
				PRODUCT_NAME = "$(TARGET_NAME)";
				SWIFT_VERSION = 3.0;
			};
			name = Debug;
		};
		8EEDA3471DE741FB0040E027 /* Release */ = {
			isa = XCBuildConfiguration;
			baseConfigurationReference = 3EBB281308252726F20DE1B2 /* Pods-MobileLevel1.release.xcconfig */;
			buildSettings = {
				ALWAYS_EMBED_SWIFT_STANDARD_LIBRARIES = YES;
				ASSETCATALOG_COMPILER_APPICON_NAME = AppIcon;
				DEVELOPMENT_TEAM = YFZ7H6KAUF;
				INFOPLIST_FILE = MobileLevel1/Info.plist;
				LD_RUNPATH_SEARCH_PATHS = "$(inherited) @executable_path/Frameworks";
				PRODUCT_BUNDLE_IDENTIFIER = home.MobileLevel1;
				PRODUCT_NAME = "$(TARGET_NAME)";
				SWIFT_VERSION = 3.0;
			};
			name = Release;
		};
		8EEDA3491DE741FB0040E027 /* Debug */ = {
			isa = XCBuildConfiguration;
			buildSettings = {
				ALWAYS_EMBED_SWIFT_STANDARD_LIBRARIES = YES;
				BUNDLE_LOADER = "$(TEST_HOST)";
				DEVELOPMENT_TEAM = YFZ7H6KAUF;
				INFOPLIST_FILE = MobileLevel1Tests/Info.plist;
				LD_RUNPATH_SEARCH_PATHS = "$(inherited) @executable_path/Frameworks @loader_path/Frameworks";
				PRODUCT_BUNDLE_IDENTIFIER = home.MobileLevel1Tests;
				PRODUCT_NAME = "$(TARGET_NAME)";
				SWIFT_VERSION = 3.0;
				TEST_HOST = "$(BUILT_PRODUCTS_DIR)/MobileLevel1.app/MobileLevel1";
			};
			name = Debug;
		};
		8EEDA34A1DE741FB0040E027 /* Release */ = {
			isa = XCBuildConfiguration;
			buildSettings = {
				ALWAYS_EMBED_SWIFT_STANDARD_LIBRARIES = YES;
				BUNDLE_LOADER = "$(TEST_HOST)";
				DEVELOPMENT_TEAM = YFZ7H6KAUF;
				INFOPLIST_FILE = MobileLevel1Tests/Info.plist;
				LD_RUNPATH_SEARCH_PATHS = "$(inherited) @executable_path/Frameworks @loader_path/Frameworks";
				PRODUCT_BUNDLE_IDENTIFIER = home.MobileLevel1Tests;
				PRODUCT_NAME = "$(TARGET_NAME)";
				SWIFT_VERSION = 3.0;
				TEST_HOST = "$(BUILT_PRODUCTS_DIR)/MobileLevel1.app/MobileLevel1";
			};
			name = Release;
		};
		8EEDA34C1DE741FB0040E027 /* Debug */ = {
			isa = XCBuildConfiguration;
			buildSettings = {
				ALWAYS_EMBED_SWIFT_STANDARD_LIBRARIES = YES;
				DEVELOPMENT_TEAM = YFZ7H6KAUF;
				INFOPLIST_FILE = MobileLevel1UITests/Info.plist;
				LD_RUNPATH_SEARCH_PATHS = "$(inherited) @executable_path/Frameworks @loader_path/Frameworks";
				PRODUCT_BUNDLE_IDENTIFIER = home.MobileLevel1UITests;
				PRODUCT_NAME = "$(TARGET_NAME)";
				SWIFT_VERSION = 3.0;
				TEST_TARGET_NAME = MobileLevel1;
			};
			name = Debug;
		};
		8EEDA34D1DE741FB0040E027 /* Release */ = {
			isa = XCBuildConfiguration;
			buildSettings = {
				ALWAYS_EMBED_SWIFT_STANDARD_LIBRARIES = YES;
				DEVELOPMENT_TEAM = YFZ7H6KAUF;
				INFOPLIST_FILE = MobileLevel1UITests/Info.plist;
				LD_RUNPATH_SEARCH_PATHS = "$(inherited) @executable_path/Frameworks @loader_path/Frameworks";
				PRODUCT_BUNDLE_IDENTIFIER = home.MobileLevel1UITests;
				PRODUCT_NAME = "$(TARGET_NAME)";
				SWIFT_VERSION = 3.0;
				TEST_TARGET_NAME = MobileLevel1;
			};
			name = Release;
		};
/* End XCBuildConfiguration section */

/* Begin XCConfigurationList section */
		8EEDA3181DE741FA0040E027 /* Build configuration list for PBXProject "MobileLevel1" */ = {
			isa = XCConfigurationList;
			buildConfigurations = (
				8EEDA3431DE741FB0040E027 /* Debug */,
				8EEDA3441DE741FB0040E027 /* Release */,
			);
			defaultConfigurationIsVisible = 0;
			defaultConfigurationName = Release;
		};
		8EEDA3451DE741FB0040E027 /* Build configuration list for PBXNativeTarget "MobileLevel1" */ = {
			isa = XCConfigurationList;
			buildConfigurations = (
				8EEDA3461DE741FB0040E027 /* Debug */,
				8EEDA3471DE741FB0040E027 /* Release */,
			);
			defaultConfigurationIsVisible = 0;
			defaultConfigurationName = Release;
		};
		8EEDA3481DE741FB0040E027 /* Build configuration list for PBXNativeTarget "MobileLevel1Tests" */ = {
			isa = XCConfigurationList;
			buildConfigurations = (
				8EEDA3491DE741FB0040E027 /* Debug */,
				8EEDA34A1DE741FB0040E027 /* Release */,
			);
			defaultConfigurationIsVisible = 0;
			defaultConfigurationName = Release;
		};
		8EEDA34B1DE741FB0040E027 /* Build configuration list for PBXNativeTarget "MobileLevel1UITests" */ = {
			isa = XCConfigurationList;
			buildConfigurations = (
				8EEDA34C1DE741FB0040E027 /* Debug */,
				8EEDA34D1DE741FB0040E027 /* Release */,
			);
			defaultConfigurationIsVisible = 0;
			defaultConfigurationName = Release;
		};
/* End XCConfigurationList section */
	};
	rootObject = 8EEDA3151DE741FA0040E027 /* Project object */;
}
